// !$*UTF8*$!
{
	archiveVersion = 1;
	classes = {
	};
	objectVersion = 55;
	objects = {

/* Begin PBXBuildFile section */
		FC0E93AB275E540B00484949 /* AppDelegate.swift in Sources */ = {isa = PBXBuildFile; fileRef = FC0E93AA275E540B00484949 /* AppDelegate.swift */; };
		FC0E93AD275E540B00484949 /* SceneDelegate.swift in Sources */ = {isa = PBXBuildFile; fileRef = FC0E93AC275E540B00484949 /* SceneDelegate.swift */; };
		FC0E93AF275E540B00484949 /* PictureVC.swift in Sources */ = {isa = PBXBuildFile; fileRef = FC0E93AE275E540B00484949 /* PictureVC.swift */; };
		FC0E93B2275E540B00484949 /* Main.storyboard in Resources */ = {isa = PBXBuildFile; fileRef = FC0E93B0275E540B00484949 /* Main.storyboard */; };
		FC0E93B4275E540D00484949 /* Assets.xcassets in Resources */ = {isa = PBXBuildFile; fileRef = FC0E93B3275E540D00484949 /* Assets.xcassets */; };
		FC0E93B7275E540D00484949 /* LaunchScreen.storyboard in Resources */ = {isa = PBXBuildFile; fileRef = FC0E93B5275E540D00484949 /* LaunchScreen.storyboard */; };
		FC0E93C4275E79F600484949 /* Localizable.strings in Resources */ = {isa = PBXBuildFile; fileRef = FC0E93C6275E79F600484949 /* Localizable.strings */; };
		FC0E93CA275E7C3C00484949 /* MapVC.swift in Sources */ = {isa = PBXBuildFile; fileRef = FC0E93C9275E7C3C00484949 /* MapVC.swift */; };
		FC800ECD2760A77D00D3F432 /* StatePopUpVC.swift in Sources */ = {isa = PBXBuildFile; fileRef = FC800ECC2760A77D00D3F432 /* StatePopUpVC.swift */; };
/* End PBXBuildFile section */

/* Begin PBXFileReference section */
		FC0E93A7275E540B00484949 /* PollutionProject.app */ = {isa = PBXFileReference; explicitFileType = wrapper.application; includeInIndex = 0; path = PollutionProject.app; sourceTree = BUILT_PRODUCTS_DIR; };
		FC0E93AA275E540B00484949 /* AppDelegate.swift */ = {isa = PBXFileReference; lastKnownFileType = sourcecode.swift; path = AppDelegate.swift; sourceTree = "<group>"; };
		FC0E93AC275E540B00484949 /* SceneDelegate.swift */ = {isa = PBXFileReference; lastKnownFileType = sourcecode.swift; path = SceneDelegate.swift; sourceTree = "<group>"; };
		FC0E93AE275E540B00484949 /* PictureVC.swift */ = {isa = PBXFileReference; lastKnownFileType = sourcecode.swift; path = PictureVC.swift; sourceTree = "<group>"; };
		FC0E93B1275E540B00484949 /* Base */ = {isa = PBXFileReference; lastKnownFileType = file.storyboard; name = Base; path = Base.lproj/Main.storyboard; sourceTree = "<group>"; };
		FC0E93B3275E540D00484949 /* Assets.xcassets */ = {isa = PBXFileReference; lastKnownFileType = folder.assetcatalog; path = Assets.xcassets; sourceTree = "<group>"; };
		FC0E93B6275E540D00484949 /* Base */ = {isa = PBXFileReference; lastKnownFileType = file.storyboard; name = Base; path = Base.lproj/LaunchScreen.storyboard; sourceTree = "<group>"; };
		FC0E93B8275E540D00484949 /* Info.plist */ = {isa = PBXFileReference; lastKnownFileType = text.plist.xml; path = Info.plist; sourceTree = "<group>"; };
		FC0E93C5275E79F600484949 /* en */ = {isa = PBXFileReference; lastKnownFileType = text.plist.strings; name = en; path = en.lproj/Localizable.strings; sourceTree = "<group>"; };
		FC0E93C9275E7C3C00484949 /* MapVC.swift */ = {isa = PBXFileReference; lastKnownFileType = sourcecode.swift; path = MapVC.swift; sourceTree = "<group>"; };
		FC0E93CB275F1FDB00484949 /* fr */ = {isa = PBXFileReference; lastKnownFileType = text.plist.strings; name = fr; path = fr.lproj/Main.strings; sourceTree = "<group>"; };
		FC0E93CC275F208700484949 /* fr */ = {isa = PBXFileReference; lastKnownFileType = text.plist.strings; name = fr; path = fr.lproj/Localizable.strings; sourceTree = "<group>"; };
		FC800ECC2760A77D00D3F432 /* StatePopUpVC.swift */ = {isa = PBXFileReference; lastKnownFileType = sourcecode.swift; path = StatePopUpVC.swift; sourceTree = "<group>"; };
/* End PBXFileReference section */

/* Begin PBXFrameworksBuildPhase section */
		FC0E93A4275E540B00484949 /* Frameworks */ = {
			isa = PBXFrameworksBuildPhase;
			buildActionMask = 2147483647;
			files = (
			);
			runOnlyForDeploymentPostprocessing = 0;
		};
/* End PBXFrameworksBuildPhase section */

/* Begin PBXGroup section */
		FC0E939E275E540B00484949 = {
			isa = PBXGroup;
			children = (
				FC0E93A9275E540B00484949 /* PollutionProject */,
				FC0E93A8275E540B00484949 /* Products */,
			);
			sourceTree = "<group>";
		};
		FC0E93A8275E540B00484949 /* Products */ = {
			isa = PBXGroup;
			children = (
				FC0E93A7275E540B00484949 /* PollutionProject.app */,
			);
			name = Products;
			sourceTree = "<group>";
		};
		FC0E93A9275E540B00484949 /* PollutionProject */ = {
			isa = PBXGroup;
			children = (
				FC0E93C0275E543B00484949 /* SupportingFiles */,
				FC0E93C1275E545100484949 /* Models */,
				FC0E93BF275E542300484949 /* Controlleurs */,
				FC0E93BE275E541800484949 /* Views */,
			);
			path = PollutionProject;
			sourceTree = "<group>";
		};
		FC0E93BE275E541800484949 /* Views */ = {
			isa = PBXGroup;
			children = (
				FC0E93B0275E540B00484949 /* Main.storyboard */,
				FC0E93B5275E540D00484949 /* LaunchScreen.storyboard */,
			);
			path = Views;
			sourceTree = "<group>";
		};
		FC0E93BF275E542300484949 /* Controlleurs */ = {
			isa = PBXGroup;
			children = (
				FC0E93AE275E540B00484949 /* PictureVC.swift */,
				FC0E93C9275E7C3C00484949 /* MapVC.swift */,
				FC800ECC2760A77D00D3F432 /* StatePopUpVC.swift */,
			);
			path = Controlleurs;
			sourceTree = "<group>";
		};
		FC0E93C0275E543B00484949 /* SupportingFiles */ = {
			isa = PBXGroup;
			children = (
				FC0E93AA275E540B00484949 /* AppDelegate.swift */,
				FC0E93AC275E540B00484949 /* SceneDelegate.swift */,
				FC0E93B3275E540D00484949 /* Assets.xcassets */,
				FC0E93B8275E540D00484949 /* Info.plist */,
				FC0E93C6275E79F600484949 /* Localizable.strings */,
			);
			path = SupportingFiles;
			sourceTree = "<group>";
		};
		FC0E93C1275E545100484949 /* Models */ = {
			isa = PBXGroup;
			children = (
			);
			path = Models;
			sourceTree = "<group>";
		};
/* End PBXGroup section */

/* Begin PBXNativeTarget section */
		FC0E93A6275E540B00484949 /* PollutionProject */ = {
			isa = PBXNativeTarget;
			buildConfigurationList = FC0E93BB275E540D00484949 /* Build configuration list for PBXNativeTarget "PollutionProject" */;
			buildPhases = (
				FC0E93A3275E540B00484949 /* Sources */,
				FC0E93A4275E540B00484949 /* Frameworks */,
				FC0E93A5275E540B00484949 /* Resources */,
			);
			buildRules = (
			);
			dependencies = (
			);
			name = PollutionProject;
			productName = PollutionProject;
			productReference = FC0E93A7275E540B00484949 /* PollutionProject.app */;
			productType = "com.apple.product-type.application";
		};
/* End PBXNativeTarget section */

/* Begin PBXProject section */
		FC0E939F275E540B00484949 /* Project object */ = {
			isa = PBXProject;
			attributes = {
				BuildIndependentTargetsInParallel = 1;
				LastSwiftUpdateCheck = 1310;
				LastUpgradeCheck = 1310;
				TargetAttributes = {
					FC0E93A6275E540B00484949 = {
						CreatedOnToolsVersion = 13.1;
					};
				};
			};
			buildConfigurationList = FC0E93A2275E540B00484949 /* Build configuration list for PBXProject "PollutionProject" */;
			compatibilityVersion = "Xcode 13.0";
			developmentRegion = en;
			hasScannedForEncodings = 0;
			knownRegions = (
				en,
				Base,
				fr,
			);
			mainGroup = FC0E939E275E540B00484949;
			productRefGroup = FC0E93A8275E540B00484949 /* Products */;
			projectDirPath = "";
			projectRoot = "";
			targets = (
				FC0E93A6275E540B00484949 /* PollutionProject */,
			);
		};
/* End PBXProject section */

/* Begin PBXResourcesBuildPhase section */
		FC0E93A5275E540B00484949 /* Resources */ = {
			isa = PBXResourcesBuildPhase;
			buildActionMask = 2147483647;
			files = (
				FC0E93B7275E540D00484949 /* LaunchScreen.storyboard in Resources */,
				FC0E93C4275E79F600484949 /* Localizable.strings in Resources */,
				FC0E93B4275E540D00484949 /* Assets.xcassets in Resources */,
				FC0E93B2275E540B00484949 /* Main.storyboard in Resources */,
			);
			runOnlyForDeploymentPostprocessing = 0;
		};
/* End PBXResourcesBuildPhase section */

/* Begin PBXSourcesBuildPhase section */
		FC0E93A3275E540B00484949 /* Sources */ = {
			isa = PBXSourcesBuildPhase;
			buildActionMask = 2147483647;
			files = (
				FC0E93AF275E540B00484949 /* PictureVC.swift in Sources */,
				FC0E93CA275E7C3C00484949 /* MapVC.swift in Sources */,
				FC800ECD2760A77D00D3F432 /* StatePopUpVC.swift in Sources */,
				FC0E93AB275E540B00484949 /* AppDelegate.swift in Sources */,
				FC0E93AD275E540B00484949 /* SceneDelegate.swift in Sources */,
			);
			runOnlyForDeploymentPostprocessing = 0;
		};
/* End PBXSourcesBuildPhase section */

/* Begin PBXVariantGroup section */
		FC0E93B0275E540B00484949 /* Main.storyboard */ = {
			isa = PBXVariantGroup;
			children = (
				FC0E93B1275E540B00484949 /* Base */,
				FC0E93CB275F1FDB00484949 /* fr */,
			);
			name = Main.storyboard;
			sourceTree = "<group>";
		};
		FC0E93B5275E540D00484949 /* LaunchScreen.storyboard */ = {
			isa = PBXVariantGroup;
			children = (
				FC0E93B6275E540D00484949 /* Base */,
			);
			name = LaunchScreen.storyboard;
			sourceTree = "<group>";
		};
		FC0E93C6275E79F600484949 /* Localizable.strings */ = {
			isa = PBXVariantGroup;
			children = (
				FC0E93C5275E79F600484949 /* en */,
				FC0E93CC275F208700484949 /* fr */,
			);
			name = Localizable.strings;
			sourceTree = "<group>";
		};
/* End PBXVariantGroup section */

/* Begin XCBuildConfiguration section */
		FC0E93B9275E540D00484949 /* Debug */ = {
			isa = XCBuildConfiguration;
			buildSettings = {
				ALWAYS_SEARCH_USER_PATHS = NO;
				CLANG_ANALYZER_LOCALIZABILITY_NONLOCALIZED = YES;
				CLANG_ANALYZER_NONNULL = YES;
				CLANG_ANALYZER_NUMBER_OBJECT_CONVERSION = YES_AGGRESSIVE;
				CLANG_CXX_LANGUAGE_STANDARD = "gnu++17";
				CLANG_CXX_LIBRARY = "libc++";
				CLANG_ENABLE_MODULES = YES;
				CLANG_ENABLE_OBJC_ARC = YES;
				CLANG_ENABLE_OBJC_WEAK = YES;
				CLANG_WARN_BLOCK_CAPTURE_AUTORELEASING = YES;
				CLANG_WARN_BOOL_CONVERSION = YES;
				CLANG_WARN_COMMA = YES;
				CLANG_WARN_CONSTANT_CONVERSION = YES;
				CLANG_WARN_DEPRECATED_OBJC_IMPLEMENTATIONS = YES;
				CLANG_WARN_DIRECT_OBJC_ISA_USAGE = YES_ERROR;
				CLANG_WARN_DOCUMENTATION_COMMENTS = YES;
				CLANG_WARN_EMPTY_BODY = YES;
				CLANG_WARN_ENUM_CONVERSION = YES;
				CLANG_WARN_INFINITE_RECURSION = YES;
				CLANG_WARN_INT_CONVERSION = YES;
				CLANG_WARN_NON_LITERAL_NULL_CONVERSION = YES;
				CLANG_WARN_OBJC_IMPLICIT_RETAIN_SELF = YES;
				CLANG_WARN_OBJC_LITERAL_CONVERSION = YES;
				CLANG_WARN_OBJC_ROOT_CLASS = YES_ERROR;
				CLANG_WARN_QUOTED_INCLUDE_IN_FRAMEWORK_HEADER = YES;
				CLANG_WARN_RANGE_LOOP_ANALYSIS = YES;
				CLANG_WARN_STRICT_PROTOTYPES = YES;
				CLANG_WARN_SUSPICIOUS_MOVE = YES;
				CLANG_WARN_UNGUARDED_AVAILABILITY = YES_AGGRESSIVE;
				CLANG_WARN_UNREACHABLE_CODE = YES;
				CLANG_WARN__DUPLICATE_METHOD_MATCH = YES;
				COPY_PHASE_STRIP = NO;
				DEBUG_INFORMATION_FORMAT = dwarf;
				ENABLE_STRICT_OBJC_MSGSEND = YES;
				ENABLE_TESTABILITY = YES;
				GCC_C_LANGUAGE_STANDARD = gnu11;
				GCC_DYNAMIC_NO_PIC = NO;
				GCC_NO_COMMON_BLOCKS = YES;
				GCC_OPTIMIZATION_LEVEL = 0;
				GCC_PREPROCESSOR_DEFINITIONS = (
					"DEBUG=1",
					"$(inherited)",
				);
				GCC_WARN_64_TO_32_BIT_CONVERSION = YES;
				GCC_WARN_ABOUT_RETURN_TYPE = YES_ERROR;
				GCC_WARN_UNDECLARED_SELECTOR = YES;
				GCC_WARN_UNINITIALIZED_AUTOS = YES_AGGRESSIVE;
				GCC_WARN_UNUSED_FUNCTION = YES;
				GCC_WARN_UNUSED_VARIABLE = YES;
				IPHONEOS_DEPLOYMENT_TARGET = 15.0;
				MTL_ENABLE_DEBUG_INFO = INCLUDE_SOURCE;
				MTL_FAST_MATH = YES;
				ONLY_ACTIVE_ARCH = YES;
				SDKROOT = iphoneos;
				SWIFT_ACTIVE_COMPILATION_CONDITIONS = DEBUG;
				SWIFT_OPTIMIZATION_LEVEL = "-Onone";
			};
			name = Debug;
		};
		FC0E93BA275E540D00484949 /* Release */ = {
			isa = XCBuildConfiguration;
			buildSettings = {
				ALWAYS_SEARCH_USER_PATHS = NO;
				CLANG_ANALYZER_LOCALIZABILITY_NONLOCALIZED = YES;
				CLANG_ANALYZER_NONNULL = YES;
				CLANG_ANALYZER_NUMBER_OBJECT_CONVERSION = YES_AGGRESSIVE;
				CLANG_CXX_LANGUAGE_STANDARD = "gnu++17";
				CLANG_CXX_LIBRARY = "libc++";
				CLANG_ENABLE_MODULES = YES;
				CLANG_ENABLE_OBJC_ARC = YES;
				CLANG_ENABLE_OBJC_WEAK = YES;
				CLANG_WARN_BLOCK_CAPTURE_AUTORELEASING = YES;
				CLANG_WARN_BOOL_CONVERSION = YES;
				CLANG_WARN_COMMA = YES;
				CLANG_WARN_CONSTANT_CONVERSION = YES;
				CLANG_WARN_DEPRECATED_OBJC_IMPLEMENTATIONS = YES;
				CLANG_WARN_DIRECT_OBJC_ISA_USAGE = YES_ERROR;
				CLANG_WARN_DOCUMENTATION_COMMENTS = YES;
				CLANG_WARN_EMPTY_BODY = YES;
				CLANG_WARN_ENUM_CONVERSION = YES;
				CLANG_WARN_INFINITE_RECURSION = YES;
				CLANG_WARN_INT_CONVERSION = YES;
				CLANG_WARN_NON_LITERAL_NULL_CONVERSION = YES;
				CLANG_WARN_OBJC_IMPLICIT_RETAIN_SELF = YES;
				CLANG_WARN_OBJC_LITERAL_CONVERSION = YES;
				CLANG_WARN_OBJC_ROOT_CLASS = YES_ERROR;
				CLANG_WARN_QUOTED_INCLUDE_IN_FRAMEWORK_HEADER = YES;
				CLANG_WARN_RANGE_LOOP_ANALYSIS = YES;
				CLANG_WARN_STRICT_PROTOTYPES = YES;
				CLANG_WARN_SUSPICIOUS_MOVE = YES;
				CLANG_WARN_UNGUARDED_AVAILABILITY = YES_AGGRESSIVE;
				CLANG_WARN_UNREACHABLE_CODE = YES;
				CLANG_WARN__DUPLICATE_METHOD_MATCH = YES;
				COPY_PHASE_STRIP = NO;
				DEBUG_INFORMATION_FORMAT = "dwarf-with-dsym";
				ENABLE_NS_ASSERTIONS = NO;
				ENABLE_STRICT_OBJC_MSGSEND = YES;
				GCC_C_LANGUAGE_STANDARD = gnu11;
				GCC_NO_COMMON_BLOCKS = YES;
				GCC_WARN_64_TO_32_BIT_CONVERSION = YES;
				GCC_WARN_ABOUT_RETURN_TYPE = YES_ERROR;
				GCC_WARN_UNDECLARED_SELECTOR = YES;
				GCC_WARN_UNINITIALIZED_AUTOS = YES_AGGRESSIVE;
				GCC_WARN_UNUSED_FUNCTION = YES;
				GCC_WARN_UNUSED_VARIABLE = YES;
				IPHONEOS_DEPLOYMENT_TARGET = 15.0;
				MTL_ENABLE_DEBUG_INFO = NO;
				MTL_FAST_MATH = YES;
				SDKROOT = iphoneos;
				SWIFT_COMPILATION_MODE = wholemodule;
				SWIFT_OPTIMIZATION_LEVEL = "-O";
				VALIDATE_PRODUCT = YES;
			};
			name = Release;
		};
		FC0E93BC275E540D00484949 /* Debug */ = {
			isa = XCBuildConfiguration;
			buildSettings = {
				ASSETCATALOG_COMPILER_APPICON_NAME = AppIcon;
				ASSETCATALOG_COMPILER_GLOBAL_ACCENT_COLOR_NAME = AccentColor;
				CODE_SIGN_STYLE = Automatic;
				CURRENT_PROJECT_VERSION = 1;
				DEVELOPMENT_TEAM = B77729XLR5;
				GENERATE_INFOPLIST_FILE = YES;
				INFOPLIST_FILE = PollutionProject/SupportingFiles/Info.plist;
				INFOPLIST_KEY_UIApplicationSupportsIndirectInputEvents = YES;
				INFOPLIST_KEY_UILaunchStoryboardName = LaunchScreen;
				INFOPLIST_KEY_UIMainStoryboardFile = Main;
				INFOPLIST_KEY_UISupportedInterfaceOrientations_iPad = "UIInterfaceOrientationPortrait UIInterfaceOrientationPortraitUpsideDown UIInterfaceOrientationLandscapeLeft UIInterfaceOrientationLandscapeRight";
				INFOPLIST_KEY_UISupportedInterfaceOrientations_iPhone = "UIInterfaceOrientationPortrait UIInterfaceOrientationLandscapeLeft UIInterfaceOrientationLandscapeRight";
				LD_RUNPATH_SEARCH_PATHS = (
					"$(inherited)",
					"@executable_path/Frameworks",
				);
				MARKETING_VERSION = 1.0;
				PRODUCT_BUNDLE_IDENTIFIER = re.dylanCherrier.PollutionProject;
				PRODUCT_NAME = "$(TARGET_NAME)";
				SWIFT_EMIT_LOC_STRINGS = YES;
				SWIFT_VERSION = 5.0;
				TARGETED_DEVICE_FAMILY = "1,2";
			};
			name = Debug;
		};
		FC0E93BD275E540D00484949 /* Release */ = {
			isa = XCBuildConfiguration;
			buildSettings = {
				ASSETCATALOG_COMPILER_APPICON_NAME = AppIcon;
				ASSETCATALOG_COMPILER_GLOBAL_ACCENT_COLOR_NAME = AccentColor;
				CODE_SIGN_STYLE = Automatic;
				CURRENT_PROJECT_VERSION = 1;
				DEVELOPMENT_TEAM = B77729XLR5;
				GENERATE_INFOPLIST_FILE = YES;
				INFOPLIST_FILE = PollutionProject/SupportingFiles/Info.plist;
				INFOPLIST_KEY_UIApplicationSupportsIndirectInputEvents = YES;
				INFOPLIST_KEY_UILaunchStoryboardName = LaunchScreen;
				INFOPLIST_KEY_UIMainStoryboardFile = Main;
				INFOPLIST_KEY_UISupportedInterfaceOrientations_iPad = "UIInterfaceOrientationPortrait UIInterfaceOrientationPortraitUpsideDown UIInterfaceOrientationLandscapeLeft UIInterfaceOrientationLandscapeRight";
				INFOPLIST_KEY_UISupportedInterfaceOrientations_iPhone = "UIInterfaceOrientationPortrait UIInterfaceOrientationLandscapeLeft UIInterfaceOrientationLandscapeRight";
				LD_RUNPATH_SEARCH_PATHS = (
					"$(inherited)",
					"@executable_path/Frameworks",
				);
				MARKETING_VERSION = 1.0;
				PRODUCT_BUNDLE_IDENTIFIER = re.dylanCherrier.PollutionProject;
				PRODUCT_NAME = "$(TARGET_NAME)";
				SWIFT_EMIT_LOC_STRINGS = YES;
				SWIFT_VERSION = 5.0;
				TARGETED_DEVICE_FAMILY = "1,2";
			};
			name = Release;
		};
/* End XCBuildConfiguration section */

/* Begin XCConfigurationList section */
		FC0E93A2275E540B00484949 /* Build configuration list for PBXProject "PollutionProject" */ = {
			isa = XCConfigurationList;
			buildConfigurations = (
				FC0E93B9275E540D00484949 /* Debug */,
				FC0E93BA275E540D00484949 /* Release */,
			);
			defaultConfigurationIsVisible = 0;
			defaultConfigurationName = Release;
		};
		FC0E93BB275E540D00484949 /* Build configuration list for PBXNativeTarget "PollutionProject" */ = {
			isa = XCConfigurationList;
			buildConfigurations = (
				FC0E93BC275E540D00484949 /* Debug */,
				FC0E93BD275E540D00484949 /* Release */,
			);
			defaultConfigurationIsVisible = 0;
			defaultConfigurationName = Release;
		};
/* End XCConfigurationList section */
	};
	rootObject = FC0E939F275E540B00484949 /* Project object */;
}
